
Microsoft Visual Studio Solution File, Format Version 12.00
# Visual Studio Version 17
VisualStudioVersion = 17.11.35312.102
MinimumVisualStudioVersion = 10.0.40219.1
Project("{FAE04EC0-301F-11D3-BF4B-00C04F79EFBC}") = "WindowsFormsApp7", "WindowsFormsApp7\WindowsFormsApp7.csproj", "{16DE99BF-D79F-4ECD-941A-D4F8EBAADDA4}"
EndProject
Global
	GlobalSection(SolutionConfigurationPlatforms) = preSolution
		Debug|Any CPU = Debug|Any CPU
		Release|Any CPU = Release|Any CPU
	EndGlobalSection
	GlobalSection(ProjectConfigurationPlatforms) = postSolution
		{16DE99BF-D79F-4ECD-941A-D4F8EBAADDA4}.Debug|Any CPU.ActiveCfg = Debug|Any CPU
		{16DE99BF-D79F-4ECD-941A-D4F8EBAADDA4}.Debug|Any CPU.Build.0 = Debug|Any CPU
		{16DE99BF-D79F-4ECD-941A-D4F8EBAADDA4}.Release|Any CPU.ActiveCfg = Release|Any CPU
		{16DE99BF-D79F-4ECD-941A-D4F8EBAADDA4}.Release|Any CPU.Build.0 = Release|Any CPU
	EndGlobalSection
	GlobalSection(SolutionProperties) = preSolution
		HideSolutionNode = FALSE
	EndGlobalSection
	GlobalSection(ExtensibilityGlobals) = postSolution
		SolutionGuid = {46B46931-DE1C-4973-B5AD-9F1BA66841A0}
	EndGlobalSection
EndGlobal
